// !$*UTF8*$!
{
	archiveVersion = 1;
	classes = {
	};
	objectVersion = 48;
	objects = {

/* Begin PBXBuildFile section */
		98528C291F77FF5700D14554 /* GMapPoint.swift in Sources */ = {isa = PBXBuildFile; fileRef = 98528C281F77FF5700D14554 /* GMapPoint.swift */; };
		98F15A771F7564DB00BAA6F6 /* AppDelegate.swift in Sources */ = {isa = PBXBuildFile; fileRef = 98F15A761F7564DB00BAA6F6 /* AppDelegate.swift */; };
		98F15A791F7564DB00BAA6F6 /* ViewController.swift in Sources */ = {isa = PBXBuildFile; fileRef = 98F15A781F7564DB00BAA6F6 /* ViewController.swift */; };
		98F15A7C1F7564DB00BAA6F6 /* Main.storyboard in Resources */ = {isa = PBXBuildFile; fileRef = 98F15A7A1F7564DB00BAA6F6 /* Main.storyboard */; };
		98F15A7E1F7564DB00BAA6F6 /* Assets.xcassets in Resources */ = {isa = PBXBuildFile; fileRef = 98F15A7D1F7564DB00BAA6F6 /* Assets.xcassets */; };
		98F15A811F7564DB00BAA6F6 /* LaunchScreen.storyboard in Resources */ = {isa = PBXBuildFile; fileRef = 98F15A7F1F7564DB00BAA6F6 /* LaunchScreen.storyboard */; };
		98F15A8A1F7565B300BAA6F6 /* CoreLocation.framework in Frameworks */ = {isa = PBXBuildFile; fileRef = 98F15A891F7565B300BAA6F6 /* CoreLocation.framework */; };
		98F15A8C1F76B24500BAA6F6 /* MapKit.framework in Frameworks */ = {isa = PBXBuildFile; fileRef = 98F15A8B1F76B24500BAA6F6 /* MapKit.framework */; };
/* End PBXBuildFile section */

/* Begin PBXFileReference section */
		98528C281F77FF5700D14554 /* GMapPoint.swift */ = {isa = PBXFileReference; lastKnownFileType = sourcecode.swift; path = GMapPoint.swift; sourceTree = "<group>"; };
		98F15A731F7564DB00BAA6F6 /* Ch4-DelegationAndCoreLocation.app */ = {isa = PBXFileReference; explicitFileType = wrapper.application; includeInIndex = 0; path = "Ch4-DelegationAndCoreLocation.app"; sourceTree = BUILT_PRODUCTS_DIR; };
		98F15A761F7564DB00BAA6F6 /* AppDelegate.swift */ = {isa = PBXFileReference; lastKnownFileType = sourcecode.swift; path = AppDelegate.swift; sourceTree = "<group>"; };
		98F15A781F7564DB00BAA6F6 /* ViewController.swift */ = {isa = PBXFileReference; lastKnownFileType = sourcecode.swift; path = ViewController.swift; sourceTree = "<group>"; };
		98F15A7B1F7564DB00BAA6F6 /* Base */ = {isa = PBXFileReference; lastKnownFileType = file.storyboard; name = Base; path = Base.lproj/Main.storyboard; sourceTree = "<group>"; };
		98F15A7D1F7564DB00BAA6F6 /* Assets.xcassets */ = {isa = PBXFileReference; lastKnownFileType = folder.assetcatalog; path = Assets.xcassets; sourceTree = "<group>"; };
		98F15A801F7564DB00BAA6F6 /* Base */ = {isa = PBXFileReference; lastKnownFileType = file.storyboard; name = Base; path = Base.lproj/LaunchScreen.storyboard; sourceTree = "<group>"; };
		98F15A821F7564DB00BAA6F6 /* Info.plist */ = {isa = PBXFileReference; lastKnownFileType = text.plist.xml; path = Info.plist; sourceTree = "<group>"; };
		98F15A891F7565B300BAA6F6 /* CoreLocation.framework */ = {isa = PBXFileReference; lastKnownFileType = wrapper.framework; name = CoreLocation.framework; path = System/Library/Frameworks/CoreLocation.framework; sourceTree = SDKROOT; };
		98F15A8B1F76B24500BAA6F6 /* MapKit.framework */ = {isa = PBXFileReference; lastKnownFileType = wrapper.framework; name = MapKit.framework; path = System/Library/Frameworks/MapKit.framework; sourceTree = SDKROOT; };
/* End PBXFileReference section */

/* Begin PBXFrameworksBuildPhase section */
		98F15A701F7564DB00BAA6F6 /* Frameworks */ = {
			isa = PBXFrameworksBuildPhase;
			buildActionMask = 2147483647;
			files = (
				98F15A8C1F76B24500BAA6F6 /* MapKit.framework in Frameworks */,
				98F15A8A1F7565B300BAA6F6 /* CoreLocation.framework in Frameworks */,
			);
			runOnlyForDeploymentPostprocessing = 0;
		};
/* End PBXFrameworksBuildPhase section */

/* Begin PBXGroup section */
		98F15A6A1F7564DB00BAA6F6 = {
			isa = PBXGroup;
			children = (
				98F15A751F7564DB00BAA6F6 /* Ch4-DelegationAndCoreLocation */,
				98F15A741F7564DB00BAA6F6 /* Products */,
				98F15A881F7565B300BAA6F6 /* Frameworks */,
			);
			sourceTree = "<group>";
		};
		98F15A741F7564DB00BAA6F6 /* Products */ = {
			isa = PBXGroup;
			children = (
				98F15A731F7564DB00BAA6F6 /* Ch4-DelegationAndCoreLocation.app */,
			);
			name = Products;
			sourceTree = "<group>";
		};
		98F15A751F7564DB00BAA6F6 /* Ch4-DelegationAndCoreLocation */ = {
			isa = PBXGroup;
			children = (
				98F15A761F7564DB00BAA6F6 /* AppDelegate.swift */,
				98F15A781F7564DB00BAA6F6 /* ViewController.swift */,
				98F15A7A1F7564DB00BAA6F6 /* Main.storyboard */,
				98F15A7D1F7564DB00BAA6F6 /* Assets.xcassets */,
				98F15A7F1F7564DB00BAA6F6 /* LaunchScreen.storyboard */,
				98F15A821F7564DB00BAA6F6 /* Info.plist */,
				98528C281F77FF5700D14554 /* GMapPoint.swift */,
			);
			path = "Ch4-DelegationAndCoreLocation";
			sourceTree = "<group>";
		};
		98F15A881F7565B300BAA6F6 /* Frameworks */ = {
			isa = PBXGroup;
			children = (
				98F15A8B1F76B24500BAA6F6 /* MapKit.framework */,
				98F15A891F7565B300BAA6F6 /* CoreLocation.framework */,
			);
			name = Frameworks;
			sourceTree = "<group>";
		};
/* End PBXGroup section */

/* Begin PBXNativeTarget section */
		98F15A721F7564DB00BAA6F6 /* Ch4-DelegationAndCoreLocation */ = {
			isa = PBXNativeTarget;
			buildConfigurationList = 98F15A851F7564DB00BAA6F6 /* Build configuration list for PBXNativeTarget "Ch4-DelegationAndCoreLocation" */;
			buildPhases = (
				98F15A6F1F7564DB00BAA6F6 /* Sources */,
				98F15A701F7564DB00BAA6F6 /* Frameworks */,
				98F15A711F7564DB00BAA6F6 /* Resources */,
			);
			buildRules = (
			);
			dependencies = (
			);
			name = "Ch4-DelegationAndCoreLocation";
			productName = "Ch4-DelegationAndCoreLocation";
			productReference = 98F15A731F7564DB00BAA6F6 /* Ch4-DelegationAndCoreLocation.app */;
			productType = "com.apple.product-type.application";
		};
/* End PBXNativeTarget section */

/* Begin PBXProject section */
		98F15A6B1F7564DB00BAA6F6 /* Project object */ = {
			isa = PBXProject;
			attributes = {
				LastSwiftUpdateCheck = 0900;
				LastUpgradeCheck = 0900;
				ORGANIZATIONNAME = Gertjan;
				TargetAttributes = {
					98F15A721F7564DB00BAA6F6 = {
						CreatedOnToolsVersion = 9.0;
						ProvisioningStyle = Automatic;
					};
				};
			};
			buildConfigurationList = 98F15A6E1F7564DB00BAA6F6 /* Build configuration list for PBXProject "Ch4-DelegationAndCoreLocation" */;
			compatibilityVersion = "Xcode 8.0";
			developmentRegion = en;
			hasScannedForEncodings = 0;
			knownRegions = (
				en,
				Base,
			);
			mainGroup = 98F15A6A1F7564DB00BAA6F6;
			productRefGroup = 98F15A741F7564DB00BAA6F6 /* Products */;
			projectDirPath = "";
			projectRoot = "";
			targets = (
				98F15A721F7564DB00BAA6F6 /* Ch4-DelegationAndCoreLocation */,
			);
		};
/* End PBXProject section */

/* Begin PBXResourcesBuildPhase section */
		98F15A711F7564DB00BAA6F6 /* Resources */ = {
			isa = PBXResourcesBuildPhase;
			buildActionMask = 2147483647;
			files = (
				98F15A811F7564DB00BAA6F6 /* LaunchScreen.storyboard in Resources */,
				98F15A7E1F7564DB00BAA6F6 /* Assets.xcassets in Resources */,
				98F15A7C1F7564DB00BAA6F6 /* Main.storyboard in Resources */,
			);
			runOnlyForDeploymentPostprocessing = 0;
		};
/* End PBXResourcesBuildPhase section */

/* Begin PBXSourcesBuildPhase section */
		98F15A6F1F7564DB00BAA6F6 /* Sources */ = {
			isa = PBXSourcesBuildPhase;
			buildActionMask = 2147483647;
			files = (
				98528C291F77FF5700D14554 /* GMapPoint.swift in Sources */,
				98F15A791F7564DB00BAA6F6 /* ViewController.swift in Sources */,
				98F15A771F7564DB00BAA6F6 /* AppDelegate.swift in Sources */,
			);
			runOnlyForDeploymentPostprocessing = 0;
		};
/* End PBXSourcesBuildPhase section */

/* Begin PBXVariantGroup section */
		98F15A7A1F7564DB00BAA6F6 /* Main.storyboard */ = {
			isa = PBXVariantGroup;
			children = (
				98F15A7B1F7564DB00BAA6F6 /* Base */,
			);
			name = Main.storyboard;
			sourceTree = "<group>";
		};
		98F15A7F1F7564DB00BAA6F6 /* LaunchScreen.storyboard */ = {
			isa = PBXVariantGroup;
			children = (
				98F15A801F7564DB00BAA6F6 /* Base */,
			);
			name = LaunchScreen.storyboard;
			sourceTree = "<group>";
		};
/* End PBXVariantGroup section */

/* Begin XCBuildConfiguration section */
		98F15A831F7564DB00BAA6F6 /* Debug */ = {
			isa = XCBuildConfiguration;
			buildSettings = {
				ALWAYS_SEARCH_USER_PATHS = NO;
				CLANG_ANALYZER_NONNULL = YES;
				CLANG_ANALYZER_NUMBER_OBJECT_CONVERSION = YES_AGGRESSIVE;
				CLANG_CXX_LANGUAGE_STANDARD = "gnu++14";
				CLANG_CXX_LIBRARY = "libc++";
				CLANG_ENABLE_MODULES = YES;
				CLANG_ENABLE_OBJC_ARC = YES;
				CLANG_WARN_BLOCK_CAPTURE_AUTORELEASING = YES;
				CLANG_WARN_BOOL_CONVERSION = YES;
				CLANG_WARN_COMMA = YES;
				CLANG_WARN_CONSTANT_CONVERSION = YES;
				CLANG_WARN_DIRECT_OBJC_ISA_USAGE = YES_ERROR;
				CLANG_WARN_DOCUMENTATION_COMMENTS = YES;
				CLANG_WARN_EMPTY_BODY = YES;
				CLANG_WARN_ENUM_CONVERSION = YES;
				CLANG_WARN_INFINITE_RECURSION = YES;
				CLANG_WARN_INT_CONVERSION = YES;
				CLANG_WARN_NON_LITERAL_NULL_CONVERSION = YES;
				CLANG_WARN_OBJC_LITERAL_CONVERSION = YES;
				CLANG_WARN_OBJC_ROOT_CLASS = YES_ERROR;
				CLANG_WARN_RANGE_LOOP_ANALYSIS = YES;
				CLANG_WARN_STRICT_PROTOTYPES = YES;
				CLANG_WARN_SUSPICIOUS_MOVE = YES;
				CLANG_WARN_UNGUARDED_AVAILABILITY = YES_AGGRESSIVE;
				CLANG_WARN_UNREACHABLE_CODE = YES;
				CLANG_WARN__DUPLICATE_METHOD_MATCH = YES;
				CODE_SIGN_IDENTITY = "iPhone Developer";
				COPY_PHASE_STRIP = NO;
				DEBUG_INFORMATION_FORMAT = dwarf;
				ENABLE_STRICT_OBJC_MSGSEND = YES;
				ENABLE_TESTABILITY = YES;
				GCC_C_LANGUAGE_STANDARD = gnu11;
				GCC_DYNAMIC_NO_PIC = NO;
				GCC_NO_COMMON_BLOCKS = YES;
				GCC_OPTIMIZATION_LEVEL = 0;
				GCC_PREPROCESSOR_DEFINITIONS = (
					"DEBUG=1",
					"$(inherited)",
				);
				GCC_WARN_64_TO_32_BIT_CONVERSION = YES;
				GCC_WARN_ABOUT_RETURN_TYPE = YES_ERROR;
				GCC_WARN_UNDECLARED_SELECTOR = YES;
				GCC_WARN_UNINITIALIZED_AUTOS = YES_AGGRESSIVE;
				GCC_WARN_UNUSED_FUNCTION = YES;
				GCC_WARN_UNUSED_VARIABLE = YES;
				IPHONEOS_DEPLOYMENT_TARGET = 11.0;
				MTL_ENABLE_DEBUG_INFO = YES;
				ONLY_ACTIVE_ARCH = YES;
				SDKROOT = iphoneos;
				SWIFT_ACTIVE_COMPILATION_CONDITIONS = DEBUG;
				SWIFT_OPTIMIZATION_LEVEL = "-Onone";
			};
			name = Debug;
		};
		98F15A841F7564DB00BAA6F6 /* Release */ = {
			isa = XCBuildConfiguration;
			buildSettings = {
				ALWAYS_SEARCH_USER_PATHS = NO;
				CLANG_ANALYZER_NONNULL = YES;
				CLANG_ANALYZER_NUMBER_OBJECT_CONVERSION = YES_AGGRESSIVE;
				CLANG_CXX_LANGUAGE_STANDARD = "gnu++14";
				CLANG_CXX_LIBRARY = "libc++";
				CLANG_ENABLE_MODULES = YES;
				CLANG_ENABLE_OBJC_ARC = YES;
				CLANG_WARN_BLOCK_CAPTURE_AUTORELEASING = YES;
				CLANG_WARN_BOOL_CONVERSION = YES;
				CLANG_WARN_COMMA = YES;
				CLANG_WARN_CONSTANT_CONVERSION = YES;
				CLANG_WARN_DIRECT_OBJC_ISA_USAGE = YES_ERROR;
				CLANG_WARN_DOCUMENTATION_COMMENTS = YES;
				CLANG_WARN_EMPTY_BODY = YES;
				CLANG_WARN_ENUM_CONVERSION = YES;
				CLANG_WARN_INFINITE_RECURSION = YES;
				CLANG_WARN_INT_CONVERSION = YES;
				CLANG_WARN_NON_LITERAL_NULL_CONVERSION = YES;
				CLANG_WARN_OBJC_LITERAL_CONVERSION = YES;
				CLANG_WARN_OBJC_ROOT_CLASS = YES_ERROR;
				CLANG_WARN_RANGE_LOOP_ANALYSIS = YES;
				CLANG_WARN_STRICT_PROTOTYPES = YES;
				CLANG_WARN_SUSPICIOUS_MOVE = YES;
				CLANG_WARN_UNGUARDED_AVAILABILITY = YES_AGGRESSIVE;
				CLANG_WARN_UNREACHABLE_CODE = YES;
				CLANG_WARN__DUPLICATE_METHOD_MATCH = YES;
				CODE_SIGN_IDENTITY = "iPhone Developer";
				COPY_PHASE_STRIP = NO;
				DEBUG_INFORMATION_FORMAT = "dwarf-with-dsym";
				ENABLE_NS_ASSERTIONS = NO;
				ENABLE_STRICT_OBJC_MSGSEND = YES;
				GCC_C_LANGUAGE_STANDARD = gnu11;
				GCC_NO_COMMON_BLOCKS = YES;
				GCC_WARN_64_TO_32_BIT_CONVERSION = YES;
				GCC_WARN_ABOUT_RETURN_TYPE = YES_ERROR;
				GCC_WARN_UNDECLARED_SELECTOR = YES;
				GCC_WARN_UNINITIALIZED_AUTOS = YES_AGGRESSIVE;
				GCC_WARN_UNUSED_FUNCTION = YES;
				GCC_WARN_UNUSED_VARIABLE = YES;
				IPHONEOS_DEPLOYMENT_TARGET = 11.0;
				MTL_ENABLE_DEBUG_INFO = NO;
				SDKROOT = iphoneos;
				SWIFT_OPTIMIZATION_LEVEL = "-Owholemodule";
				VALIDATE_PRODUCT = YES;
			};
			name = Release;
		};
		98F15A861F7564DB00BAA6F6 /* Debug */ = {
			isa = XCBuildConfiguration;
			buildSettings = {
				ASSETCATALOG_COMPILER_APPICON_NAME = AppIcon;
				CODE_SIGN_STYLE = Automatic;
				INFOPLIST_FILE = "Ch4-DelegationAndCoreLocation/Info.plist";
				IPHONEOS_DEPLOYMENT_TARGET = 10.0;
				LD_RUNPATH_SEARCH_PATHS = "$(inherited) @executable_path/Frameworks";
				PRODUCT_BUNDLE_IDENTIFIER = "com.gertjan.Ch4-DelegationAndCoreLocation";
				PRODUCT_NAME = "$(TARGET_NAME)";
				SWIFT_VERSION = 4.0;
				TARGETED_DEVICE_FAMILY = 1;
			};
			name = Debug;
		};
		98F15A871F7564DB00BAA6F6 /* Release */ = {
			isa = XCBuildConfiguration;
			buildSettings = {
				ASSETCATALOG_COMPILER_APPICON_NAME = AppIcon;
				CODE_SIGN_STYLE = Automatic;
				INFOPLIST_FILE = "Ch4-DelegationAndCoreLocation/Info.plist";
				IPHONEOS_DEPLOYMENT_TARGET = 10.0;
				LD_RUNPATH_SEARCH_PATHS = "$(inherited) @executable_path/Frameworks";
				PRODUCT_BUNDLE_IDENTIFIER = "com.gertjan.Ch4-DelegationAndCoreLocation";
				PRODUCT_NAME = "$(TARGET_NAME)";
				SWIFT_VERSION = 4.0;
				TARGETED_DEVICE_FAMILY = 1;
			};
			name = Release;
		};
/* End XCBuildConfiguration section */

/* Begin XCConfigurationList section */
		98F15A6E1F7564DB00BAA6F6 /* Build configuration list for PBXProject "Ch4-DelegationAndCoreLocation" */ = {
			isa = XCConfigurationList;
			buildConfigurations = (
				98F15A831F7564DB00BAA6F6 /* Debug */,
				98F15A841F7564DB00BAA6F6 /* Release */,
			);
			defaultConfigurationIsVisible = 0;
			defaultConfigurationName = Release;
		};
		98F15A851F7564DB00BAA6F6 /* Build configuration list for PBXNativeTarget "Ch4-DelegationAndCoreLocation" */ = {
			isa = XCConfigurationList;
			buildConfigurations = (
				98F15A861F7564DB00BAA6F6 /* Debug */,
				98F15A871F7564DB00BAA6F6 /* Release */,
			);
			defaultConfigurationIsVisible = 0;
			defaultConfigurationName = Release;
		};
/* End XCConfigurationList section */
	};
	rootObject = 98F15A6B1F7564DB00BAA6F6 /* Project object */;
}
